
Microsoft Visual Studio Solution File, Format Version 12.00
# Visual Studio Version 17
VisualStudioVersion = 17.13.35825.156 d17.13
MinimumVisualStudioVersion = 10.0.40219.1
Project("{FAE04EC0-301F-11D3-BF4B-00C04F79EFBC}") = "TestWork_Deeplay", "TestWork_Deeplay\TestWork_Deeplay.csproj", "{0026C5C7-E0F7-40EF-B6AF-57F88842BACC}"
EndProject
Global
	GlobalSection(SolutionConfigurationPlatforms) = preSolution
		Debug|Any CPU = Debug|Any CPU
		Release|Any CPU = Release|Any CPU
	EndGlobalSection
	GlobalSection(ProjectConfigurationPlatforms) = postSolution
		{0026C5C7-E0F7-40EF-B6AF-57F88842BACC}.Debug|Any CPU.ActiveCfg = Debug|Any CPU
		{0026C5C7-E0F7-40EF-B6AF-57F88842BACC}.Debug|Any CPU.Build.0 = Debug|Any CPU
		{0026C5C7-E0F7-40EF-B6AF-57F88842BACC}.Release|Any CPU.ActiveCfg = Release|Any CPU
		{0026C5C7-E0F7-40EF-B6AF-57F88842BACC}.Release|Any CPU.Build.0 = Release|Any CPU
	EndGlobalSection
	GlobalSection(SolutionProperties) = preSolution
		HideSolutionNode = FALSE
	EndGlobalSection
	GlobalSection(ExtensibilityGlobals) = postSolution
		SolutionGuid = {026597A5-AD9C-444B-BE94-A5C4B8481A93}
	EndGlobalSection
EndGlobal
